github.com/hqpko/hbuffer v0.3.5 h1:gP6udBtZ+1K9FNFJQn+XHi4+cr3SvkN1Z60OkWi3Rww=
github.com/hqpko/hbuffer v0.3.5/go.mod h1:bmBkq1tUQianD4zmdGcpHj3CGq1mErKU7/XqyJIVgJA=
github.com/hqpko/hnet v0.5.3 h1:afIQeOhxB13bGiPpuP0S7z7wKBn++KXMraWXXL6V07U=
github.com/hqpko/hnet v0.5.3/go.mod h1:49Pde+qBZieQOa4I1S8pSY2RzwE99rkInAgmRDzCQ9w=
